
Microsoft Visual Studio Solution File, Format Version 12.00
# Visual Studio Version 16
VisualStudioVersion = 16.0.31624.102
MinimumVisualStudioVersion = 10.0.40219.1
Project("{9A19103F-16F7-4668-BE54-9A1E7A4F7556}") = "TPN2", "TPN2\TPN2.csproj", "{1DF6DF1F-873B-485E-998D-0094EF4B61AD}"
EndProject
Project("{9A19103F-16F7-4668-BE54-9A1E7A4F7556}") = "TPN2.AccessData", "TPN2.AccessData\TPN2.AccessData.csproj", "{19ED013F-8D17-424D-9693-292C824DAA86}"
EndProject
Project("{9A19103F-16F7-4668-BE54-9A1E7A4F7556}") = "TPN2.Domain", "TPN2.Domain\TPN2.Domain.csproj", "{D1DF2AD9-2BA4-4B4E-8262-0FF953C9F099}"
EndProject
Project("{9A19103F-16F7-4668-BE54-9A1E7A4F7556}") = "TPN2.Application", "TPN2.Application\TPN2.Application.csproj", "{13C7BF79-A1D7-4511-8CB4-7E665E9EFCD3}"
EndProject
Project("{2150E333-8FDC-42A3-9474-1A3956D46DE8}") = "Solution Items", "Solution Items", "{0EBD9289-C046-4183-AAFC-49E00979458D}"
	ProjectSection(SolutionItems) = preProject
		.editorconfig = .editorconfig
	EndProjectSection
EndProject
Global
	GlobalSection(SolutionConfigurationPlatforms) = preSolution
		Debug|Any CPU = Debug|Any CPU
		Release|Any CPU = Release|Any CPU
	EndGlobalSection
	GlobalSection(ProjectConfigurationPlatforms) = postSolution
		{1DF6DF1F-873B-485E-998D-0094EF4B61AD}.Debug|Any CPU.ActiveCfg = Debug|Any CPU
		{1DF6DF1F-873B-485E-998D-0094EF4B61AD}.Debug|Any CPU.Build.0 = Debug|Any CPU
		{1DF6DF1F-873B-485E-998D-0094EF4B61AD}.Release|Any CPU.ActiveCfg = Release|Any CPU
		{1DF6DF1F-873B-485E-998D-0094EF4B61AD}.Release|Any CPU.Build.0 = Release|Any CPU
		{19ED013F-8D17-424D-9693-292C824DAA86}.Debug|Any CPU.ActiveCfg = Debug|Any CPU
		{19ED013F-8D17-424D-9693-292C824DAA86}.Debug|Any CPU.Build.0 = Debug|Any CPU
		{19ED013F-8D17-424D-9693-292C824DAA86}.Release|Any CPU.ActiveCfg = Release|Any CPU
		{19ED013F-8D17-424D-9693-292C824DAA86}.Release|Any CPU.Build.0 = Release|Any CPU
		{D1DF2AD9-2BA4-4B4E-8262-0FF953C9F099}.Debug|Any CPU.ActiveCfg = Debug|Any CPU
		{D1DF2AD9-2BA4-4B4E-8262-0FF953C9F099}.Debug|Any CPU.Build.0 = Debug|Any CPU
		{D1DF2AD9-2BA4-4B4E-8262-0FF953C9F099}.Release|Any CPU.ActiveCfg = Release|Any CPU
		{D1DF2AD9-2BA4-4B4E-8262-0FF953C9F099}.Release|Any CPU.Build.0 = Release|Any CPU
		{13C7BF79-A1D7-4511-8CB4-7E665E9EFCD3}.Debug|Any CPU.ActiveCfg = Debug|Any CPU
		{13C7BF79-A1D7-4511-8CB4-7E665E9EFCD3}.Debug|Any CPU.Build.0 = Debug|Any CPU
		{13C7BF79-A1D7-4511-8CB4-7E665E9EFCD3}.Release|Any CPU.ActiveCfg = Release|Any CPU
		{13C7BF79-A1D7-4511-8CB4-7E665E9EFCD3}.Release|Any CPU.Build.0 = Release|Any CPU
	EndGlobalSection
	GlobalSection(SolutionProperties) = preSolution
		HideSolutionNode = FALSE
	EndGlobalSection
	GlobalSection(ExtensibilityGlobals) = postSolution
		SolutionGuid = {763C3448-4E56-414B-AF26-7BD952D0FE79}
	EndGlobalSection
EndGlobal
